
Microsoft Visual Studio Solution File, Format Version 12.00
# Visual Studio Version 17
VisualStudioVersion = 17.7.34024.191
MinimumVisualStudioVersion = 10.0.40219.1
Project("{9A19103F-16F7-4668-BE54-9A1E7A4F7556}") = "WinFormsApp1", "WinFormsApp1\WinFormsApp1.csproj", "{6C95001B-04D4-42EE-8EF8-A0B8CBAE4FAF}"
EndProject
Project("{9A19103F-16F7-4668-BE54-9A1E7A4F7556}") = "ConsoleApp1", "ConsoleApp1\ConsoleApp1.csproj", "{000AC66F-8A10-479D-8115-DC810713AEF8}"
EndProject
Project("{9A19103F-16F7-4668-BE54-9A1E7A4F7556}") = "ConsoleApp2", "ConsoleApp2\ConsoleApp2.csproj", "{14DCE348-8EB4-4720-B3A5-3AD2C0D1BABB}"
EndProject
Project("{FAE04EC0-301F-11D3-BF4B-00C04F79EFBC}") = "ConsoleApp3", "ConsoleApp3\ConsoleApp3.csproj", "{44F17DF4-0897-4CCF-9032-6D723F7FF1EA}"
EndProject
Global
	GlobalSection(SolutionConfigurationPlatforms) = preSolution
		Debug|Any CPU = Debug|Any CPU
		Release|Any CPU = Release|Any CPU
	EndGlobalSection
	GlobalSection(ProjectConfigurationPlatforms) = postSolution
		{6C95001B-04D4-42EE-8EF8-A0B8CBAE4FAF}.Debug|Any CPU.ActiveCfg = Debug|Any CPU
		{6C95001B-04D4-42EE-8EF8-A0B8CBAE4FAF}.Debug|Any CPU.Build.0 = Debug|Any CPU
		{6C95001B-04D4-42EE-8EF8-A0B8CBAE4FAF}.Release|Any CPU.ActiveCfg = Release|Any CPU
		{6C95001B-04D4-42EE-8EF8-A0B8CBAE4FAF}.Release|Any CPU.Build.0 = Release|Any CPU
		{000AC66F-8A10-479D-8115-DC810713AEF8}.Debug|Any CPU.ActiveCfg = Debug|Any CPU
		{000AC66F-8A10-479D-8115-DC810713AEF8}.Debug|Any CPU.Build.0 = Debug|Any CPU
		{000AC66F-8A10-479D-8115-DC810713AEF8}.Release|Any CPU.ActiveCfg = Release|Any CPU
		{000AC66F-8A10-479D-8115-DC810713AEF8}.Release|Any CPU.Build.0 = Release|Any CPU
		{14DCE348-8EB4-4720-B3A5-3AD2C0D1BABB}.Debug|Any CPU.ActiveCfg = Debug|Any CPU
		{14DCE348-8EB4-4720-B3A5-3AD2C0D1BABB}.Debug|Any CPU.Build.0 = Debug|Any CPU
		{14DCE348-8EB4-4720-B3A5-3AD2C0D1BABB}.Release|Any CPU.ActiveCfg = Release|Any CPU
		{14DCE348-8EB4-4720-B3A5-3AD2C0D1BABB}.Release|Any CPU.Build.0 = Release|Any CPU
		{44F17DF4-0897-4CCF-9032-6D723F7FF1EA}.Debug|Any CPU.ActiveCfg = Debug|Any CPU
		{44F17DF4-0897-4CCF-9032-6D723F7FF1EA}.Debug|Any CPU.Build.0 = Debug|Any CPU
		{44F17DF4-0897-4CCF-9032-6D723F7FF1EA}.Release|Any CPU.ActiveCfg = Release|Any CPU
		{44F17DF4-0897-4CCF-9032-6D723F7FF1EA}.Release|Any CPU.Build.0 = Release|Any CPU
	EndGlobalSection
	GlobalSection(SolutionProperties) = preSolution
		HideSolutionNode = FALSE
	EndGlobalSection
	GlobalSection(ExtensibilityGlobals) = postSolution
		SolutionGuid = {F18349A2-E05D-4314-B66A-34F3E15D201D}
	EndGlobalSection
EndGlobal
