
Microsoft Visual Studio Solution File, Format Version 12.00
# Visual Studio Version 17
VisualStudioVersion = 17.0.31903.59
MinimumVisualStudioVersion = 10.0.40219.1
Project("{FAE04EC0-301F-11D3-BF4B-00C04F79EFBC}") = "Elon.Forum.Domain", "Elon.Forum.Domain\Elon.Forum.Domain.csproj", "{34CE97A7-78EC-49F9-8529-5839E61AE50B}"
EndProject
Project("{FAE04EC0-301F-11D3-BF4B-00C04F79EFBC}") = "Elon.Forum.EntityFrameworkCore", "Elon.Forum.EntityFrameworkCore\Elon.Forum.EntityFrameworkCore.csproj", "{73E43702-51EE-44D6-B467-958CBB26538E}"
EndProject
Project("{FAE04EC0-301F-11D3-BF4B-00C04F79EFBC}") = "Elon.Forum.Application.Contracts", "Elon.Forum.Application.Contracts\Elon.Forum.Application.Contracts.csproj", "{5D4023C5-9193-4A1B-94B4-D3F112D34FAC}"
EndProject
Project("{FAE04EC0-301F-11D3-BF4B-00C04F79EFBC}") = "Elon.Forum.Application", "Elon.Forum.Application\Elon.Forum.Application.csproj", "{2E4BB1D2-E034-4AF5-AC63-03B19E45B646}"
EndProject
Project("{FAE04EC0-301F-11D3-BF4B-00C04F79EFBC}") = "Elon.Forum.HttpApi.Host", "Elon.Forum.HttpApi.Host\Elon.Forum.HttpApi.Host.csproj", "{4E72E993-ED49-4230-BE6F-749D8DBC7341}"
EndProject
Project("{FAE04EC0-301F-11D3-BF4B-00C04F79EFBC}") = "Elon.Forum.DbMigrator", "Elon.Forum.DbMigrator\Elon.Forum.DbMigrator.csproj", "{8FC0F4DD-5C4C-42D5-9100-1F8494F00EEC}"
EndProject
Global
	GlobalSection(SolutionConfigurationPlatforms) = preSolution
		Debug|Any CPU = Debug|Any CPU
		Release|Any CPU = Release|Any CPU
	EndGlobalSection
	GlobalSection(SolutionProperties) = preSolution
		HideSolutionNode = FALSE
	EndGlobalSection
	GlobalSection(ProjectConfigurationPlatforms) = postSolution
		{34CE97A7-78EC-49F9-8529-5839E61AE50B}.Debug|Any CPU.ActiveCfg = Debug|Any CPU
		{34CE97A7-78EC-49F9-8529-5839E61AE50B}.Debug|Any CPU.Build.0 = Debug|Any CPU
		{34CE97A7-78EC-49F9-8529-5839E61AE50B}.Release|Any CPU.ActiveCfg = Release|Any CPU
		{34CE97A7-78EC-49F9-8529-5839E61AE50B}.Release|Any CPU.Build.0 = Release|Any CPU
		{73E43702-51EE-44D6-B467-958CBB26538E}.Debug|Any CPU.ActiveCfg = Debug|Any CPU
		{73E43702-51EE-44D6-B467-958CBB26538E}.Debug|Any CPU.Build.0 = Debug|Any CPU
		{73E43702-51EE-44D6-B467-958CBB26538E}.Release|Any CPU.ActiveCfg = Release|Any CPU
		{73E43702-51EE-44D6-B467-958CBB26538E}.Release|Any CPU.Build.0 = Release|Any CPU
		{5D4023C5-9193-4A1B-94B4-D3F112D34FAC}.Debug|Any CPU.ActiveCfg = Debug|Any CPU
		{5D4023C5-9193-4A1B-94B4-D3F112D34FAC}.Debug|Any CPU.Build.0 = Debug|Any CPU
		{5D4023C5-9193-4A1B-94B4-D3F112D34FAC}.Release|Any CPU.ActiveCfg = Release|Any CPU
		{5D4023C5-9193-4A1B-94B4-D3F112D34FAC}.Release|Any CPU.Build.0 = Release|Any CPU
		{2E4BB1D2-E034-4AF5-AC63-03B19E45B646}.Debug|Any CPU.ActiveCfg = Debug|Any CPU
		{2E4BB1D2-E034-4AF5-AC63-03B19E45B646}.Debug|Any CPU.Build.0 = Debug|Any CPU
		{2E4BB1D2-E034-4AF5-AC63-03B19E45B646}.Release|Any CPU.ActiveCfg = Release|Any CPU
		{2E4BB1D2-E034-4AF5-AC63-03B19E45B646}.Release|Any CPU.Build.0 = Release|Any CPU
		{4E72E993-ED49-4230-BE6F-749D8DBC7341}.Debug|Any CPU.ActiveCfg = Debug|Any CPU
		{4E72E993-ED49-4230-BE6F-749D8DBC7341}.Debug|Any CPU.Build.0 = Debug|Any CPU
		{4E72E993-ED49-4230-BE6F-749D8DBC7341}.Release|Any CPU.ActiveCfg = Release|Any CPU
		{4E72E993-ED49-4230-BE6F-749D8DBC7341}.Release|Any CPU.Build.0 = Release|Any CPU
		{8FC0F4DD-5C4C-42D5-9100-1F8494F00EEC}.Debug|Any CPU.ActiveCfg = Debug|Any CPU
		{8FC0F4DD-5C4C-42D5-9100-1F8494F00EEC}.Debug|Any CPU.Build.0 = Debug|Any CPU
		{8FC0F4DD-5C4C-42D5-9100-1F8494F00EEC}.Release|Any CPU.ActiveCfg = Release|Any CPU
		{8FC0F4DD-5C4C-42D5-9100-1F8494F00EEC}.Release|Any CPU.Build.0 = Release|Any CPU
	EndGlobalSection
EndGlobal
