
Microsoft Visual Studio Solution File, Format Version 12.00
# Visual Studio Version 17
VisualStudioVersion = 17.5.33530.505
MinimumVisualStudioVersion = 10.0.40219.1
Project("{9A19103F-16F7-4668-BE54-9A1E7A4F7556}") = "DataPost", "DataPost.csproj", "{FAC0BCA2-C6EB-4610-A299-0D9D0DCBC7B5}"
EndProject
Global
	GlobalSection(SolutionConfigurationPlatforms) = preSolution
		Debug|Any CPU = Debug|Any CPU
		Release|Any CPU = Release|Any CPU
	EndGlobalSection
	GlobalSection(ProjectConfigurationPlatforms) = postSolution
		{FAC0BCA2-C6EB-4610-A299-0D9D0DCBC7B5}.Debug|Any CPU.ActiveCfg = Debug|Any CPU
		{FAC0BCA2-C6EB-4610-A299-0D9D0DCBC7B5}.Debug|Any CPU.Build.0 = Debug|Any CPU
		{FAC0BCA2-C6EB-4610-A299-0D9D0DCBC7B5}.Release|Any CPU.ActiveCfg = Release|Any CPU
		{FAC0BCA2-C6EB-4610-A299-0D9D0DCBC7B5}.Release|Any CPU.Build.0 = Release|Any CPU
	EndGlobalSection
	GlobalSection(SolutionProperties) = preSolution
		HideSolutionNode = FALSE
	EndGlobalSection
	GlobalSection(ExtensibilityGlobals) = postSolution
		SolutionGuid = {2BE3B464-CDB1-4713-8EE2-F4A37744E3B1}
	EndGlobalSection
EndGlobal
